{
	"name": "@ixfx/bundle",
	"version": "0.35.0",
	"lockfileVersion": 3,
	"requires": true,
	"packages": {
		"": {
			"name": "@ixfx/bundle",
			"version": "0.35.0",
			"license": "MIT",
			"dependencies": {
				"tsdown": "0.8.1"
			}
		},
		"node_modules/@emnapi/core": {
			"version": "1.4.3",
			"resolved": "https://registry.npmjs.org/@emnapi/core/-/core-1.4.3.tgz",
			"integrity": "sha512-4m62DuCE07lw01soJwPiBGC0nAww0Q+RY70VZ+n49yDIO13yyinhbWCeNnaob0lakDtWQzSdtNWzJeOJt2ma+g==",
			"license": "MIT",
			"optional": true,
			"dependencies": {
				"@emnapi/wasi-threads": "1.0.2",
				"tslib": "^2.4.0"
			}
		},
		"node_modules/@emnapi/runtime": {
			"version": "1.4.3",
			"resolved": "https://registry.npmjs.org/@emnapi/runtime/-/runtime-1.4.3.tgz",
			"integrity": "sha512-pBPWdu6MLKROBX05wSNKcNb++m5Er+KQ9QkB+WVM+pW2Kx9hoSrVTnu3BdkI5eBLZoKu/J6mW/B6i6bJB2ytXQ==",
			"license": "MIT",
			"optional": true,
			"dependencies": {
				"tslib": "^2.4.0"
			}
		},
		"node_modules/@emnapi/wasi-threads": {
			"version": "1.0.2",
			"resolved": "https://registry.npmjs.org/@emnapi/wasi-threads/-/wasi-threads-1.0.2.tgz",
			"integrity": "sha512-5n3nTJblwRi8LlXkJ9eBzu+kZR8Yxcc7ubakyQTFzPMtIhFpUBRbsnc2Dv88IZDIbCDlBiWrknhB4Lsz7mg6BA==",
			"license": "MIT",
			"optional": true,
			"dependencies": {
				"tslib": "^2.4.0"
			}
		},
		"node_modules/@jridgewell/sourcemap-codec": {
			"version": "1.5.0",
			"resolved": "https://registry.npmjs.org/@jridgewell/sourcemap-codec/-/sourcemap-codec-1.5.0.tgz",
			"integrity": "sha512-gv3ZRaISU3fjPAgNsriBRqGWQL6quFx04YMPW/zD8XMLsU32mhCCbfbO6KZFLjvYpCZ8zyDEgqsgf+PwPaM7GQ==",
			"license": "MIT"
		},
		"node_modules/@napi-rs/wasm-runtime": {
			"version": "0.2.9",
			"resolved": "https://registry.npmjs.org/@napi-rs/wasm-runtime/-/wasm-runtime-0.2.9.tgz",
			"integrity": "sha512-OKRBiajrrxB9ATokgEQoG87Z25c67pCpYcCwmXYX8PBftC9pBfN18gnm/fh1wurSLEKIAt+QRFLFCQISrb66Jg==",
			"license": "MIT",
			"optional": true,
			"dependencies": {
				"@emnapi/core": "^1.4.0",
				"@emnapi/runtime": "^1.4.0",
				"@tybys/wasm-util": "^0.9.0"
			}
		},
		"node_modules/@oxc-parser/binding-darwin-arm64": {
			"version": "0.64.0",
			"resolved": "https://registry.npmjs.org/@oxc-parser/binding-darwin-arm64/-/binding-darwin-arm64-0.64.0.tgz",
			"integrity": "sha512-FfmLZWrt5rsG+wzruv0xfYci1fE/GQ/HnUCmB+j3keU4SfDxkxSIGUTphxdcE8S4ISoLelgeVZiE8QDGRhmSoQ==",
			"cpu": [
				"arm64"
			],
			"license": "MIT",
			"optional": true,
			"os": [
				"darwin"
			],
			"engines": {
				"node": ">=14.0.0"
			}
		},
		"node_modules/@oxc-parser/binding-darwin-x64": {
			"version": "0.64.0",
			"resolved": "https://registry.npmjs.org/@oxc-parser/binding-darwin-x64/-/binding-darwin-x64-0.64.0.tgz",
			"integrity": "sha512-FFbtYNdlRw6d/KcfSxqOAJAI4evijC+i+PHQkpB8JJGr+mPzQEPKwVa8vh2Qe/lcspaQs6IrR2GRpJ+5UvciRw==",
			"cpu": [
				"x64"
			],
			"license": "MIT",
			"optional": true,
			"os": [
				"darwin"
			],
			"engines": {
				"node": ">=14.0.0"
			}
		},
		"node_modules/@oxc-parser/binding-linux-arm-gnueabihf": {
			"version": "0.64.0",
			"resolved": "https://registry.npmjs.org/@oxc-parser/binding-linux-arm-gnueabihf/-/binding-linux-arm-gnueabihf-0.64.0.tgz",
			"integrity": "sha512-u113yYpeTW0rQBp6Lld2PvdEMzVQmTq8n2T4WDb7UNGQFCMzoURCKgahkIZCStph4+zHAFU5uKwG5waQaswCyw==",
			"cpu": [
				"arm"
			],
			"license": "MIT",
			"optional": true,
			"os": [
				"linux"
			],
			"engines": {
				"node": ">=14.0.0"
			}
		},
		"node_modules/@oxc-parser/binding-linux-arm64-gnu": {
			"version": "0.64.0",
			"resolved": "https://registry.npmjs.org/@oxc-parser/binding-linux-arm64-gnu/-/binding-linux-arm64-gnu-0.64.0.tgz",
			"integrity": "sha512-cqWgdJcXJ2u2Rcjd/+4mY10DPISZtKosgyL7eMZwZdCNJD8q2ohS57pk6IbCmopF55QAh9/Py8rajblKbFCJBg==",
			"cpu": [
				"arm64"
			],
			"license": "MIT",
			"optional": true,
			"os": [
				"linux"
			],
			"engines": {
				"node": ">=14.0.0"
			}
		},
		"node_modules/@oxc-parser/binding-linux-arm64-musl": {
			"version": "0.64.0",
			"resolved": "https://registry.npmjs.org/@oxc-parser/binding-linux-arm64-musl/-/binding-linux-arm64-musl-0.64.0.tgz",
			"integrity": "sha512-b7Ma+CDlkK+UIU/Zr8Ydo+q3A9ouWUhV8PzWcnfOxiOwK+JEaoz5N02ixAPK8qvO+IKqzP00HzxPD8tUto8GcA==",
			"cpu": [
				"arm64"
			],
			"license": "MIT",
			"optional": true,
			"os": [
				"linux"
			],
			"engines": {
				"node": ">=14.0.0"
			}
		},
		"node_modules/@oxc-parser/binding-linux-x64-gnu": {
			"version": "0.64.0",
			"resolved": "https://registry.npmjs.org/@oxc-parser/binding-linux-x64-gnu/-/binding-linux-x64-gnu-0.64.0.tgz",
			"integrity": "sha512-7o/qfZNZ0kt1o5vtqUz6nQkV6tuCGor4+gOmqtrb2TtnAo3qxYwPXZVjd9LKv39Z+Nfpqz/2cnR+GIqUNqv34A==",
			"cpu": [
				"x64"
			],
			"license": "MIT",
			"optional": true,
			"os": [
				"linux"
			],
			"engines": {
				"node": ">=14.0.0"
			}
		},
		"node_modules/@oxc-parser/binding-linux-x64-musl": {
			"version": "0.64.0",
			"resolved": "https://registry.npmjs.org/@oxc-parser/binding-linux-x64-musl/-/binding-linux-x64-musl-0.64.0.tgz",
			"integrity": "sha512-nuL0rqoWgvO11pP7g5FYdTDsjX93mt8ZFtUaOL4HMVkvRAx3XiKltJBYXXWiI2kySbHRC/XHJftAKWEgGhcXgg==",
			"cpu": [
				"x64"
			],
			"license": "MIT",
			"optional": true,
			"os": [
				"linux"
			],
			"engines": {
				"node": ">=14.0.0"
			}
		},
		"node_modules/@oxc-parser/binding-wasm32-wasi": {
			"version": "0.64.0",
			"resolved": "https://registry.npmjs.org/@oxc-parser/binding-wasm32-wasi/-/binding-wasm32-wasi-0.64.0.tgz",
			"integrity": "sha512-iZ5LeOPDo0gCISzcq1JKo3HGqXwuQDTgHVPBUs+UFdCL9WJ9DmNkXXQPLVYEyyI/YFXg15y7Rv2L+FEvpvYa+w==",
			"cpu": [
				"wasm32"
			],
			"license": "MIT",
			"optional": true,
			"dependencies": {
				"@napi-rs/wasm-runtime": "^0.2.9"
			},
			"engines": {
				"node": ">=14.0.0"
			}
		},
		"node_modules/@oxc-parser/binding-win32-arm64-msvc": {
			"version": "0.64.0",
			"resolved": "https://registry.npmjs.org/@oxc-parser/binding-win32-arm64-msvc/-/binding-win32-arm64-msvc-0.64.0.tgz",
			"integrity": "sha512-9kWLwYOT9sCVrFL3Egpt4+viAYtYOwmstGoy/CPikC0fxEpB760qln8u+MfZpbrH0Df2XgEdAUTqiwnRwcp+uA==",
			"cpu": [
				"arm64"
			],
			"license": "MIT",
			"optional": true,
			"os": [
				"win32"
			],
			"engines": {
				"node": ">=14.0.0"
			}
		},
		"node_modules/@oxc-parser/binding-win32-x64-msvc": {
			"version": "0.64.0",
			"resolved": "https://registry.npmjs.org/@oxc-parser/binding-win32-x64-msvc/-/binding-win32-x64-msvc-0.64.0.tgz",
			"integrity": "sha512-EHQglaBx4LpNw9BMA65aM36isTpuAdWxGbAUH7w55GYIGjVG7hIsMx/MuOrJXsmOBVmRokoYNYLN7X5aTd5TmQ==",
			"cpu": [
				"x64"
			],
			"license": "MIT",
			"optional": true,
			"os": [
				"win32"
			],
			"engines": {
				"node": ">=14.0.0"
			}
		},
		"node_modules/@oxc-project/types": {
			"version": "0.61.2",
			"resolved": "https://registry.npmjs.org/@oxc-project/types/-/types-0.61.2.tgz",
			"integrity": "sha512-rfuwJwvwn9MRthHNXlSo9Eka/u7gC0MhnWAoX3BhE1+rwPOl22nq0K0Y997Hof0tHCOuD7H3/Z8HTfCVhB4c5Q==",
			"license": "MIT",
			"funding": {
				"url": "https://github.com/sponsors/Boshen"
			}
		},
		"node_modules/@oxc-resolver/binding-darwin-arm64": {
			"version": "5.3.0",
			"resolved": "https://registry.npmjs.org/@oxc-resolver/binding-darwin-arm64/-/binding-darwin-arm64-5.3.0.tgz",
			"integrity": "sha512-hXem5ZAguS7IlSiHg/LK0tEfLj4eUo+9U6DaFwwBEGd0L0VIF9LmuiHydRyOrdnnmi9iAAFMAn/wl2cUoiuruA==",
			"cpu": [
				"arm64"
			],
			"license": "MIT",
			"optional": true,
			"os": [
				"darwin"
			]
		},
		"node_modules/@oxc-resolver/binding-darwin-x64": {
			"version": "5.3.0",
			"resolved": "https://registry.npmjs.org/@oxc-resolver/binding-darwin-x64/-/binding-darwin-x64-5.3.0.tgz",
			"integrity": "sha512-wgSwfsZkRbuYCIBLxeg1bYrtKnirAy+IJF0lwfz4z08clgdNBDbfGECJe/cd0csIZPpRcvPFe8317yf31sWhtA==",
			"cpu": [
				"x64"
			],
			"license": "MIT",
			"optional": true,
			"os": [
				"darwin"
			]
		},
		"node_modules/@oxc-resolver/binding-freebsd-x64": {
			"version": "5.3.0",
			"resolved": "https://registry.npmjs.org/@oxc-resolver/binding-freebsd-x64/-/binding-freebsd-x64-5.3.0.tgz",
			"integrity": "sha512-kzeE2WHgcRMmWjB071RdwEV5Pwke4o0WWslCKoh8if1puvxIxfzu3o7g6P2+v77BP5qop4cri+uvLABSO0WZjg==",
			"cpu": [
				"x64"
			],
			"license": "MIT",
			"optional": true,
			"os": [
				"freebsd"
			]
		},
		"node_modules/@oxc-resolver/binding-linux-arm-gnueabihf": {
			"version": "5.3.0",
			"resolved": "https://registry.npmjs.org/@oxc-resolver/binding-linux-arm-gnueabihf/-/binding-linux-arm-gnueabihf-5.3.0.tgz",
			"integrity": "sha512-I8np34yZP/XfIkZNDbw3rweqVgfjmHYpNX3xnJZWg+f4mgO9/UNWBwetSaqXeDZqvIch/aHak+q4HVrQhQKCqg==",
			"cpu": [
				"arm"
			],
			"license": "MIT",
			"optional": true,
			"os": [
				"linux"
			]
		},
		"node_modules/@oxc-resolver/binding-linux-arm64-gnu": {
			"version": "5.3.0",
			"resolved": "https://registry.npmjs.org/@oxc-resolver/binding-linux-arm64-gnu/-/binding-linux-arm64-gnu-5.3.0.tgz",
			"integrity": "sha512-u2ndfeEUrW898eXM+qPxIN8TvTPjI90NDQBRgaxxkOfNw3xaotloeiZGz5+Yzlfxgvxr9DY9FdYkqhUhSnGhOw==",
			"cpu": [
				"arm64"
			],
			"license": "MIT",
			"optional": true,
			"os": [
				"linux"
			]
		},
		"node_modules/@oxc-resolver/binding-linux-arm64-musl": {
			"version": "5.3.0",
			"resolved": "https://registry.npmjs.org/@oxc-resolver/binding-linux-arm64-musl/-/binding-linux-arm64-musl-5.3.0.tgz",
			"integrity": "sha512-TzbjmFkcnESGuVItQ2diKacX8vu5G0bH3BHmIlmY4OSRLyoAlrJFwGKAHmh6C9+Amfcjo2rx8vdm7swzmsGC6Q==",
			"cpu": [
				"arm64"
			],
			"license": "MIT",
			"optional": true,
			"os": [
				"linux"
			]
		},
		"node_modules/@oxc-resolver/binding-linux-riscv64-gnu": {
			"version": "5.3.0",
			"resolved": "https://registry.npmjs.org/@oxc-resolver/binding-linux-riscv64-gnu/-/binding-linux-riscv64-gnu-5.3.0.tgz",
			"integrity": "sha512-NH3pjAqh8nuN29iRuRfTY42Vn03ctoR9VE8llfoUKUfhHUjFHYOXK5VSkhjj1usG8AeuesvqrQnLptCRQVTi/Q==",
			"cpu": [
				"riscv64"
			],
			"license": "MIT",
			"optional": true,
			"os": [
				"linux"
			]
		},
		"node_modules/@oxc-resolver/binding-linux-s390x-gnu": {
			"version": "5.3.0",
			"resolved": "https://registry.npmjs.org/@oxc-resolver/binding-linux-s390x-gnu/-/binding-linux-s390x-gnu-5.3.0.tgz",
			"integrity": "sha512-tuZtkK9sJYh2MC2uhol1M/8IMTB6ZQ5jmqP2+k5XNXnOb/im94Y5uV/u2lXwVyIuKHZZHtr+0d1HrOiNahoKpw==",
			"cpu": [
				"s390x"
			],
			"license": "MIT",
			"optional": true,
			"os": [
				"linux"
			]
		},
		"node_modules/@oxc-resolver/binding-linux-x64-gnu": {
			"version": "5.3.0",
			"resolved": "https://registry.npmjs.org/@oxc-resolver/binding-linux-x64-gnu/-/binding-linux-x64-gnu-5.3.0.tgz",
			"integrity": "sha512-VzhPYmZCtoES/ThcPdGSmMop7JlwgqtSvlgtKCW15ByV2JKyl8kHAHnPSBfpIooXb0ehFnRdxFtL9qtAEWy01g==",
			"cpu": [
				"x64"
			],
			"license": "MIT",
			"optional": true,
			"os": [
				"linux"
			]
		},
		"node_modules/@oxc-resolver/binding-linux-x64-musl": {
			"version": "5.3.0",
			"resolved": "https://registry.npmjs.org/@oxc-resolver/binding-linux-x64-musl/-/binding-linux-x64-musl-5.3.0.tgz",
			"integrity": "sha512-Hi39cWzul24rGljN4Vf1lxjXzQdCrdxO5oCT7KJP4ndSlqIUODJnfnMAP1YhcnIRvNvk+5E6sZtnEmFUd/4d8Q==",
			"cpu": [
				"x64"
			],
			"license": "MIT",
			"optional": true,
			"os": [
				"linux"
			]
		},
		"node_modules/@oxc-resolver/binding-wasm32-wasi": {
			"version": "5.3.0",
			"resolved": "https://registry.npmjs.org/@oxc-resolver/binding-wasm32-wasi/-/binding-wasm32-wasi-5.3.0.tgz",
			"integrity": "sha512-ddujvHhP3chmHnSXRlkPVUeYj4/B7eLZwL4yUid+df3WCbVh6DgoT9RmllZn21AhxgKtMdekDdyVJYKFd8tl4A==",
			"cpu": [
				"wasm32"
			],
			"license": "MIT",
			"optional": true,
			"dependencies": {
				"@napi-rs/wasm-runtime": "^0.2.9"
			},
			"engines": {
				"node": ">=14.0.0"
			}
		},
		"node_modules/@oxc-resolver/binding-win32-arm64-msvc": {
			"version": "5.3.0",
			"resolved": "https://registry.npmjs.org/@oxc-resolver/binding-win32-arm64-msvc/-/binding-win32-arm64-msvc-5.3.0.tgz",
			"integrity": "sha512-j1YYPLvUkMVNKmIFQZZJ7q6Do4cI3htUnyxNLwDSBVhSohvPIK2VG+IdtOAlWZGa7v+phEZsHfNbXVwB0oPYFQ==",
			"cpu": [
				"arm64"
			],
			"license": "MIT",
			"optional": true,
			"os": [
				"win32"
			]
		},
		"node_modules/@oxc-resolver/binding-win32-x64-msvc": {
			"version": "5.3.0",
			"resolved": "https://registry.npmjs.org/@oxc-resolver/binding-win32-x64-msvc/-/binding-win32-x64-msvc-5.3.0.tgz",
			"integrity": "sha512-LT9eOPPUqfZscQRd5mc08RBeDWOQf+dnOrKnanMallTGPe6g7+rcAlFTA8SWoJbcD45PV8yArFtCmSQSpzHZmg==",
			"cpu": [
				"x64"
			],
			"license": "MIT",
			"optional": true,
			"os": [
				"win32"
			]
		},
		"node_modules/@oxc-transform/binding-darwin-arm64": {
			"version": "0.64.0",
			"resolved": "https://registry.npmjs.org/@oxc-transform/binding-darwin-arm64/-/binding-darwin-arm64-0.64.0.tgz",
			"integrity": "sha512-SphSpVk2TcJ1bGfv/kStrSGrKyA5wLuIjuyK0/Im8ZJZ2zAolJdm4WFZUDI5NZZskwcqoB2qrUQFr9pV75N+BA==",
			"cpu": [
				"arm64"
			],
			"license": "MIT",
			"optional": true,
			"os": [
				"darwin"
			],
			"engines": {
				"node": ">=14.0.0"
			}
		},
		"node_modules/@oxc-transform/binding-darwin-x64": {
			"version": "0.64.0",
			"resolved": "https://registry.npmjs.org/@oxc-transform/binding-darwin-x64/-/binding-darwin-x64-0.64.0.tgz",
			"integrity": "sha512-MDTCesIxze+lVc33cZGHZE5alWUL5dbhQGM4i1uobHbll7nuLBO8ymZZ7dQxCKJztkzQOU+Ib+TPtdxIWkcnqQ==",
			"cpu": [
				"x64"
			],
			"license": "MIT",
			"optional": true,
			"os": [
				"darwin"
			],
			"engines": {
				"node": ">=14.0.0"
			}
		},
		"node_modules/@oxc-transform/binding-linux-arm-gnueabihf": {
			"version": "0.64.0",
			"resolved": "https://registry.npmjs.org/@oxc-transform/binding-linux-arm-gnueabihf/-/binding-linux-arm-gnueabihf-0.64.0.tgz",
			"integrity": "sha512-1emYdqi1lJscGi4F75Zgr24+l5v6o/TawUDVyrZ2JPW0g4F8V22udbsN6f0cFRwspTiBtxCfFMCnK/bdgcQOeQ==",
			"cpu": [
				"arm"
			],
			"license": "MIT",
			"optional": true,
			"os": [
				"linux"
			],
			"engines": {
				"node": ">=14.0.0"
			}
		},
		"node_modules/@oxc-transform/binding-linux-arm64-gnu": {
			"version": "0.64.0",
			"resolved": "https://registry.npmjs.org/@oxc-transform/binding-linux-arm64-gnu/-/binding-linux-arm64-gnu-0.64.0.tgz",
			"integrity": "sha512-OxIEd1bk9fEmSgisxD525+2/7XZ6ex9vSU/FZhalv/tEsbrMA7sxsu/cl0zfKVVZFkI2uZ2r93RLeh/kv0VznQ==",
			"cpu": [
				"arm64"
			],
			"license": "MIT",
			"optional": true,
			"os": [
				"linux"
			],
			"engines": {
				"node": ">=14.0.0"
			}
		},
		"node_modules/@oxc-transform/binding-linux-arm64-musl": {
			"version": "0.64.0",
			"resolved": "https://registry.npmjs.org/@oxc-transform/binding-linux-arm64-musl/-/binding-linux-arm64-musl-0.64.0.tgz",
			"integrity": "sha512-kTtZBREwmXMMgsMdFWU6/zZPavbeFwXHf32MY07tIBEn6kRz9Gg6Xsl7V1s0PVMTcYVY+6IZ5idZ1ODAdt1VkQ==",
			"cpu": [
				"arm64"
			],
			"license": "MIT",
			"optional": true,
			"os": [
				"linux"
			],
			"engines": {
				"node": ">=14.0.0"
			}
		},
		"node_modules/@oxc-transform/binding-linux-x64-gnu": {
			"version": "0.64.0",
			"resolved": "https://registry.npmjs.org/@oxc-transform/binding-linux-x64-gnu/-/binding-linux-x64-gnu-0.64.0.tgz",
			"integrity": "sha512-zHe0oT6xpCECWFdN2Uovut/36RJ6fA0IZwZEHaHeGHYbp8UoCrvZAXoh5MYa/hadYpsoVV13b5ZHBEJk7DuMjg==",
			"cpu": [
				"x64"
			],
			"license": "MIT",
			"optional": true,
			"os": [
				"linux"
			],
			"engines": {
				"node": ">=14.0.0"
			}
		},
		"node_modules/@oxc-transform/binding-linux-x64-musl": {
			"version": "0.64.0",
			"resolved": "https://registry.npmjs.org/@oxc-transform/binding-linux-x64-musl/-/binding-linux-x64-musl-0.64.0.tgz",
			"integrity": "sha512-kxiziQsB+ic5j2SCMV0pzcesA+QFaufTmNQbQznu7XFy+sFjHHkYfS3109D40gLnNtmlaIyTHj+1Ooka7awKhA==",
			"cpu": [
				"x64"
			],
			"license": "MIT",
			"optional": true,
			"os": [
				"linux"
			],
			"engines": {
				"node": ">=14.0.0"
			}
		},
		"node_modules/@oxc-transform/binding-wasm32-wasi": {
			"version": "0.64.0",
			"resolved": "https://registry.npmjs.org/@oxc-transform/binding-wasm32-wasi/-/binding-wasm32-wasi-0.64.0.tgz",
			"integrity": "sha512-YJtTvi3DYxEZ7mIZaIEaLGL0ECCiJWHxiA9Qz2EpswbRCfXX/l7YSODs3uvG/thlCFhnzPLIM8O6tIHjpHIWYA==",
			"cpu": [
				"wasm32"
			],
			"license": "MIT",
			"optional": true,
			"dependencies": {
				"@napi-rs/wasm-runtime": "^0.2.9"
			},
			"engines": {
				"node": ">=14.0.0"
			}
		},
		"node_modules/@oxc-transform/binding-win32-arm64-msvc": {
			"version": "0.64.0",
			"resolved": "https://registry.npmjs.org/@oxc-transform/binding-win32-arm64-msvc/-/binding-win32-arm64-msvc-0.64.0.tgz",
			"integrity": "sha512-X2gDEzZFrfM65+mc4VYBfxdVPcqcxS5RZgc+dPcz8Xc14t/pmdqMeEJDTt0zKnL6T+42kPZHdybLwpgsuBdRDA==",
			"cpu": [
				"arm64"
			],
			"license": "MIT",
			"optional": true,
			"os": [
				"win32"
			],
			"engines": {
				"node": ">=14.0.0"
			}
		},
		"node_modules/@oxc-transform/binding-win32-x64-msvc": {
			"version": "0.64.0",
			"resolved": "https://registry.npmjs.org/@oxc-transform/binding-win32-x64-msvc/-/binding-win32-x64-msvc-0.64.0.tgz",
			"integrity": "sha512-QC2Nx0GFuUNGU5vmWgCym0TLIHFdoVvdpTWwcbZtWp8pFbQhvYms5CWmZm+wlCqAGPp5aYm2aLmp9hE8dM1c9Q==",
			"cpu": [
				"x64"
			],
			"license": "MIT",
			"optional": true,
			"os": [
				"win32"
			],
			"engines": {
				"node": ">=14.0.0"
			}
		},
		"node_modules/@quansync/fs": {
			"version": "0.1.2",
			"resolved": "https://registry.npmjs.org/@quansync/fs/-/fs-0.1.2.tgz",
			"integrity": "sha512-ezIadUb1aFhwJLd++WVqVpi9rnlX8vnd4ju7saPhwLHJN1mJgOv0puePTGV+FbtSnWtwoHDT8lAm4kagDZmpCg==",
			"license": "MIT",
			"dependencies": {
				"quansync": "^0.2.10"
			},
			"engines": {
				"node": ">=20.0.0"
			},
			"funding": {
				"url": "https://github.com/sponsors/sxzz"
			}
		},
		"node_modules/@rolldown/binding-darwin-arm64": {
			"version": "1.0.0-beta.7",
			"resolved": "https://registry.npmjs.org/@rolldown/binding-darwin-arm64/-/binding-darwin-arm64-1.0.0-beta.7.tgz",
			"integrity": "sha512-spVRMdG9NotVYfrc94W8zMKEqLFbxm/dzkBjTfKzXMqhyBryo1lwZ14o8xFb3lM/ON/ZUT7laR9y+r6SIUtFrg==",
			"cpu": [
				"arm64"
			],
			"license": "MIT",
			"optional": true,
			"os": [
				"darwin"
			]
		},
		"node_modules/@rolldown/binding-darwin-x64": {
			"version": "1.0.0-beta.7",
			"resolved": "https://registry.npmjs.org/@rolldown/binding-darwin-x64/-/binding-darwin-x64-1.0.0-beta.7.tgz",
			"integrity": "sha512-6d6PicpBNLWJUyGO1b87QOBtQuqL1X9qVugi+kyGcChxW2bL87/CIBAJDu1g3mM62xSzxUitGa2YWRMhMJu2OA==",
			"cpu": [
				"x64"
			],
			"license": "MIT",
			"optional": true,
			"os": [
				"darwin"
			]
		},
		"node_modules/@rolldown/binding-freebsd-x64": {
			"version": "1.0.0-beta.7",
			"resolved": "https://registry.npmjs.org/@rolldown/binding-freebsd-x64/-/binding-freebsd-x64-1.0.0-beta.7.tgz",
			"integrity": "sha512-RCKUAMUr1+F1wDSUmWUoGimCNAoQ9km5SRIEhrTlCOXe4wv+rY4o07cTaBjehBm+GtT+u0r36SW2gOmikivj9Q==",
			"cpu": [
				"x64"
			],
			"license": "MIT",
			"optional": true,
			"os": [
				"freebsd"
			]
		},
		"node_modules/@rolldown/binding-linux-arm-gnueabihf": {
			"version": "1.0.0-beta.7",
			"resolved": "https://registry.npmjs.org/@rolldown/binding-linux-arm-gnueabihf/-/binding-linux-arm-gnueabihf-1.0.0-beta.7.tgz",
			"integrity": "sha512-SRGp4RaUC2oFZTDtLSRePWWE5F4C5vrlsr/a3+/mBlBVUdSrB7341hqAEcezW3YYHQOT/j9CPXu2NULENSywwQ==",
			"cpu": [
				"arm"
			],
			"license": "MIT",
			"optional": true,
			"os": [
				"linux"
			]
		},
		"node_modules/@rolldown/binding-linux-arm64-gnu": {
			"version": "1.0.0-beta.7",
			"resolved": "https://registry.npmjs.org/@rolldown/binding-linux-arm64-gnu/-/binding-linux-arm64-gnu-1.0.0-beta.7.tgz",
			"integrity": "sha512-q6Szr5o54lJWir2uYxwxDoOUdSCrA2Nb8sKqQRnJHP9985o0uxeq85LKvMubFRgTKq9Q71ZZPrZBs7pwr4ji1Q==",
			"cpu": [
				"arm64"
			],
			"license": "MIT",
			"optional": true,
			"os": [
				"linux"
			]
		},
		"node_modules/@rolldown/binding-linux-arm64-musl": {
			"version": "1.0.0-beta.7",
			"resolved": "https://registry.npmjs.org/@rolldown/binding-linux-arm64-musl/-/binding-linux-arm64-musl-1.0.0-beta.7.tgz",
			"integrity": "sha512-MiEE4ReEw7jdxKE8eKTdt3z7N1sucgSb1J0BUY3Dd8YKLjh2jNYHhJu13/tCo2DBMZxT+FDJE3WJ5kCxZA7+YA==",
			"cpu": [
				"arm64"
			],
			"license": "MIT",
			"optional": true,
			"os": [
				"linux"
			]
		},
		"node_modules/@rolldown/binding-linux-x64-gnu": {
			"version": "1.0.0-beta.7",
			"resolved": "https://registry.npmjs.org/@rolldown/binding-linux-x64-gnu/-/binding-linux-x64-gnu-1.0.0-beta.7.tgz",
			"integrity": "sha512-2yDNUKQidgcZr/VSJCUy9IGvtcF/GfBEBrCsqvSkVKMNLNySICvybAwKtCNPeZSOwf875CWnnyKNeg5vwV6rMg==",
			"cpu": [
				"x64"
			],
			"license": "MIT",
			"optional": true,
			"os": [
				"linux"
			]
		},
		"node_modules/@rolldown/binding-linux-x64-musl": {
			"version": "1.0.0-beta.7",
			"resolved": "https://registry.npmjs.org/@rolldown/binding-linux-x64-musl/-/binding-linux-x64-musl-1.0.0-beta.7.tgz",
			"integrity": "sha512-72LjHkY9Sqav35qopNh4fabhSsqKWmOwMtjmrNgONTtC5LhALjNZlaXkAaFvQRJ8N7ftT8BOITzaZeqrF6BYdg==",
			"cpu": [
				"x64"
			],
			"license": "MIT",
			"optional": true,
			"os": [
				"linux"
			]
		},
		"node_modules/@rolldown/binding-wasm32-wasi": {
			"version": "1.0.0-beta.7",
			"resolved": "https://registry.npmjs.org/@rolldown/binding-wasm32-wasi/-/binding-wasm32-wasi-1.0.0-beta.7.tgz",
			"integrity": "sha512-sR8q2p3j5ZCkFWPbm6LUIYE7SHfmrVqXu0n4CFpzmAM95pDhFRx8SzT/oL5tkFN+mCdnPpzcvpn9OioVXQ8CxA==",
			"cpu": [
				"wasm32"
			],
			"license": "MIT",
			"optional": true,
			"dependencies": {
				"@napi-rs/wasm-runtime": "^0.2.4"
			},
			"engines": {
				"node": ">=14.21.3"
			}
		},
		"node_modules/@rolldown/binding-win32-arm64-msvc": {
			"version": "1.0.0-beta.7",
			"resolved": "https://registry.npmjs.org/@rolldown/binding-win32-arm64-msvc/-/binding-win32-arm64-msvc-1.0.0-beta.7.tgz",
			"integrity": "sha512-eeSNGdZt01NelYGl5LZc3cSwN4iYG5XE8zMqkILErfW6ndpc74DKeDWI0aG8jmtjz5VerLA4B9DzOkhuFj4lNg==",
			"cpu": [
				"arm64"
			],
			"license": "MIT",
			"optional": true,
			"os": [
				"win32"
			]
		},
		"node_modules/@rolldown/binding-win32-ia32-msvc": {
			"version": "1.0.0-beta.7",
			"resolved": "https://registry.npmjs.org/@rolldown/binding-win32-ia32-msvc/-/binding-win32-ia32-msvc-1.0.0-beta.7.tgz",
			"integrity": "sha512-d7Uhs3LWirrE4+TRa2N25AqrZaZjYZdOrKSYbZFMF42tFkWIgGWPCQouTqjMgjVGX0feJpF7+9dwVhjZFzZbYA==",
			"cpu": [
				"ia32"
			],
			"license": "MIT",
			"optional": true,
			"os": [
				"win32"
			]
		},
		"node_modules/@rolldown/binding-win32-x64-msvc": {
			"version": "1.0.0-beta.7",
			"resolved": "https://registry.npmjs.org/@rolldown/binding-win32-x64-msvc/-/binding-win32-x64-msvc-1.0.0-beta.7.tgz",
			"integrity": "sha512-Z3P1JHx+U7Sr73v5wJtEygxboF2VR9ds4eSAgFfslhIxFI48FFm+WEMeuLLeqnx0tiq1UL6cIIg5+h3mlaG6UA==",
			"cpu": [
				"x64"
			],
			"license": "MIT",
			"optional": true,
			"os": [
				"win32"
			]
		},
		"node_modules/@tybys/wasm-util": {
			"version": "0.9.0",
			"resolved": "https://registry.npmjs.org/@tybys/wasm-util/-/wasm-util-0.9.0.tgz",
			"integrity": "sha512-6+7nlbMVX/PVDCwaIQ8nTOPveOcFLSt8GcXdx8hD0bt39uWxYT88uXzqTd4fTvqta7oeUJqudepapKNt2DYJFw==",
			"license": "MIT",
			"optional": true,
			"dependencies": {
				"tslib": "^2.4.0"
			}
		},
		"node_modules/@valibot/to-json-schema": {
			"version": "1.0.0",
			"resolved": "https://registry.npmjs.org/@valibot/to-json-schema/-/to-json-schema-1.0.0.tgz",
			"integrity": "sha512-/9crJgPptVsGCL6X+JPDQyaJwkalSZ/52WuF8DiRUxJgcmpNdzYRfZ+gqMEP8W3CTVfuMWPqqvIgfwJ97f9Etw==",
			"license": "MIT",
			"peerDependencies": {
				"valibot": "^1.0.0"
			}
		},
		"node_modules/ansis": {
			"version": "3.17.0",
			"resolved": "https://registry.npmjs.org/ansis/-/ansis-3.17.0.tgz",
			"integrity": "sha512-0qWUglt9JEqLFr3w1I1pbrChn1grhaiAR2ocX1PP/flRmxgtwTzPFFFnfIlD6aMOLQZgSuCRlidD70lvx8yhzg==",
			"license": "ISC",
			"engines": {
				"node": ">=14"
			}
		},
		"node_modules/cac": {
			"version": "6.7.14",
			"resolved": "https://registry.npmjs.org/cac/-/cac-6.7.14.tgz",
			"integrity": "sha512-b6Ilus+c3RrdDk+JhLKUAQfzzgLEPy6wcXqS7f/xe1EETvsDP6GORG7SFuOs6cID5YkqchW/LXZbX5bc8j7ZcQ==",
			"license": "MIT",
			"engines": {
				"node": ">=8"
			}
		},
		"node_modules/chokidar": {
			"version": "4.0.3",
			"resolved": "https://registry.npmjs.org/chokidar/-/chokidar-4.0.3.tgz",
			"integrity": "sha512-Qgzu8kfBvo+cA4962jnP1KkS6Dop5NS6g7R5LFYJr4b8Ub94PPQXUksCw9PvXoeXPRRddRNC5C1JQUR2SMGtnA==",
			"license": "MIT",
			"dependencies": {
				"readdirp": "^4.0.1"
			},
			"engines": {
				"node": ">= 14.16.0"
			},
			"funding": {
				"url": "https://paulmillr.com/funding/"
			}
		},
		"node_modules/consola": {
			"version": "3.4.2",
			"resolved": "https://registry.npmjs.org/consola/-/consola-3.4.2.tgz",
			"integrity": "sha512-5IKcdX0nnYavi6G7TtOhwkYzyjfJlatbjMjuLSfE2kYT5pMDOilZ4OvMhi637CcDICTmz3wARPoyhqyX1Y+XvA==",
			"license": "MIT",
			"engines": {
				"node": "^14.18.0 || >=16.10.0"
			}
		},
		"node_modules/debug": {
			"version": "4.4.0",
			"resolved": "https://registry.npmjs.org/debug/-/debug-4.4.0.tgz",
			"integrity": "sha512-6WTZ/IxCY/T6BALoZHaE4ctp9xm+Z5kY/pzYaCHRFeyVhojxlrm+46y68HA6hr0TcwEssoxNiDEUJQjfPZ/RYA==",
			"license": "MIT",
			"dependencies": {
				"ms": "^2.1.3"
			},
			"engines": {
				"node": ">=6.0"
			},
			"peerDependenciesMeta": {
				"supports-color": {
					"optional": true
				}
			}
		},
		"node_modules/defu": {
			"version": "6.1.4",
			"resolved": "https://registry.npmjs.org/defu/-/defu-6.1.4.tgz",
			"integrity": "sha512-mEQCMmwJu317oSz8CwdIOdwf3xMif1ttiM8LTufzc3g6kR+9Pe236twL8j3IYT1F7GfRgGcW6MWxzZjLIkuHIg==",
			"license": "MIT"
		},
		"node_modules/diff": {
			"version": "7.0.0",
			"resolved": "https://registry.npmjs.org/diff/-/diff-7.0.0.tgz",
			"integrity": "sha512-PJWHUb1RFevKCwaFA9RlG5tCd+FO5iRh9A8HEtkmBH2Li03iJriB6m6JIN4rGz3K3JLawI7/veA1xzRKP6ISBw==",
			"license": "BSD-3-Clause",
			"engines": {
				"node": ">=0.3.1"
			}
		},
		"node_modules/dts-resolver": {
			"version": "1.0.0",
			"resolved": "https://registry.npmjs.org/dts-resolver/-/dts-resolver-1.0.0.tgz",
			"integrity": "sha512-BTW78HXK66TvRHBRkU91a7CGoD5/PWi8ovMXbKVHjhR5xCqt1dgwl6CVk3wxWLzhNVIGXDbGWPBlRKrgSHMzfw==",
			"license": "MIT",
			"dependencies": {
				"oxc-resolver": "^5.2.0",
				"pathe": "^2.0.3"
			},
			"engines": {
				"node": ">=20.18.0"
			},
			"funding": {
				"url": "https://github.com/sponsors/sxzz"
			}
		},
		"node_modules/fdir": {
			"version": "6.4.4",
			"resolved": "https://registry.npmjs.org/fdir/-/fdir-6.4.4.tgz",
			"integrity": "sha512-1NZP+GK4GfuAv3PqKvxQRDMjdSRZjnkq7KfhlNrCNNlZ0ygQFpebfrnfnq/W7fpUnAv9aGWmY1zKx7FYL3gwhg==",
			"license": "MIT",
			"peerDependencies": {
				"picomatch": "^3 || ^4"
			},
			"peerDependenciesMeta": {
				"picomatch": {
					"optional": true
				}
			}
		},
		"node_modules/find-up-simple": {
			"version": "1.0.1",
			"resolved": "https://registry.npmjs.org/find-up-simple/-/find-up-simple-1.0.1.tgz",
			"integrity": "sha512-afd4O7zpqHeRyg4PfDQsXmlDe2PfdHtJt6Akt8jOWaApLOZk5JXs6VMR29lz03pRe9mpykrRCYIYxaJYcfpncQ==",
			"license": "MIT",
			"engines": {
				"node": ">=18"
			},
			"funding": {
				"url": "https://github.com/sponsors/sindresorhus"
			}
		},
		"node_modules/get-tsconfig": {
			"version": "4.10.0",
			"resolved": "https://registry.npmjs.org/get-tsconfig/-/get-tsconfig-4.10.0.tgz",
			"integrity": "sha512-kGzZ3LWWQcGIAmg6iWvXn0ei6WDtV26wzHRMwDSzmAbcXrTEXxHy6IehI6/4eT6VRKyMP1eF1VqwrVUmE/LR7A==",
			"license": "MIT",
			"dependencies": {
				"resolve-pkg-maps": "^1.0.0"
			},
			"funding": {
				"url": "https://github.com/privatenumber/get-tsconfig?sponsor=1"
			}
		},
		"node_modules/jiti": {
			"version": "2.4.2",
			"resolved": "https://registry.npmjs.org/jiti/-/jiti-2.4.2.tgz",
			"integrity": "sha512-rg9zJN+G4n2nfJl5MW3BMygZX56zKPNVEYYqq7adpmMh4Jn2QNEwhvQlFy6jPVdcod7txZtKHWnyZiA3a0zP7A==",
			"license": "MIT",
			"bin": {
				"jiti": "lib/jiti-cli.mjs"
			}
		},
		"node_modules/magic-string": {
			"version": "0.30.17",
			"resolved": "https://registry.npmjs.org/magic-string/-/magic-string-0.30.17.tgz",
			"integrity": "sha512-sNPKHvyjVf7gyjwS4xGTaW/mCnF8wnjtifKBEhxfZ7E/S8tQ0rssrwGNn6q8JH/ohItJfSQp9mBtQYuTlH5QnA==",
			"license": "MIT",
			"dependencies": {
				"@jridgewell/sourcemap-codec": "^1.5.0"
			}
		},
		"node_modules/magic-string-ast": {
			"version": "0.9.1",
			"resolved": "https://registry.npmjs.org/magic-string-ast/-/magic-string-ast-0.9.1.tgz",
			"integrity": "sha512-18dv2ZlSSgJ/jDWlZGKfnDJx56ilNlYq9F7NnwuWTErsmYmqJ2TWE4l1o2zlUHBYUGBy3tIhPCC1gxq8M5HkMA==",
			"license": "MIT",
			"dependencies": {
				"magic-string": "^0.30.17"
			},
			"engines": {
				"node": ">=20.18.0"
			},
			"funding": {
				"url": "https://github.com/sponsors/sxzz"
			}
		},
		"node_modules/ms": {
			"version": "2.1.3",
			"resolved": "https://registry.npmjs.org/ms/-/ms-2.1.3.tgz",
			"integrity": "sha512-6FlzubTLZG3J2a/NVCAleEhjzq5oxgHyaCU9yYXvcLsvoVaHJq/s5xXI6/XXP6tz7R9xAOtHnSO/tXtF3WRTlA==",
			"license": "MIT"
		},
		"node_modules/oxc-parser": {
			"version": "0.64.0",
			"resolved": "https://registry.npmjs.org/oxc-parser/-/oxc-parser-0.64.0.tgz",
			"integrity": "sha512-T5/h7Iv3kwUwTaOwOLz2yTwz2LsUfdu5IXTmZuMEDYL2Bp/dxGdxQZHaz8lc4bUBU9Swnb+caioKk4FLBT7prg==",
			"license": "MIT",
			"dependencies": {
				"@oxc-project/types": "^0.64.0"
			},
			"engines": {
				"node": ">=14.0.0"
			},
			"funding": {
				"url": "https://github.com/sponsors/Boshen"
			},
			"optionalDependencies": {
				"@oxc-parser/binding-darwin-arm64": "0.64.0",
				"@oxc-parser/binding-darwin-x64": "0.64.0",
				"@oxc-parser/binding-linux-arm-gnueabihf": "0.64.0",
				"@oxc-parser/binding-linux-arm64-gnu": "0.64.0",
				"@oxc-parser/binding-linux-arm64-musl": "0.64.0",
				"@oxc-parser/binding-linux-x64-gnu": "0.64.0",
				"@oxc-parser/binding-linux-x64-musl": "0.64.0",
				"@oxc-parser/binding-wasm32-wasi": "0.64.0",
				"@oxc-parser/binding-win32-arm64-msvc": "0.64.0",
				"@oxc-parser/binding-win32-x64-msvc": "0.64.0"
			}
		},
		"node_modules/oxc-parser/node_modules/@oxc-project/types": {
			"version": "0.64.0",
			"resolved": "https://registry.npmjs.org/@oxc-project/types/-/types-0.64.0.tgz",
			"integrity": "sha512-B0dxuEZFV6M4tXjPFwDSaED5/J55YUhODBaF09xNFNRrEyzQLKZuhKXAw1xYK8bO4K8Jn1d21TZfei3kAIE8dA==",
			"license": "MIT",
			"funding": {
				"url": "https://github.com/sponsors/Boshen"
			}
		},
		"node_modules/oxc-resolver": {
			"version": "5.3.0",
			"resolved": "https://registry.npmjs.org/oxc-resolver/-/oxc-resolver-5.3.0.tgz",
			"integrity": "sha512-FHqtZx0idP5QRPSNcI5g2ItmADg7fhR3XIeWg5eRMGfp44xqRpfkdvo+EX4ZceqV9bxvl0Z8vaqMqY0gYaNYNA==",
			"license": "MIT",
			"funding": {
				"url": "https://github.com/sponsors/Boshen"
			},
			"optionalDependencies": {
				"@oxc-resolver/binding-darwin-arm64": "5.3.0",
				"@oxc-resolver/binding-darwin-x64": "5.3.0",
				"@oxc-resolver/binding-freebsd-x64": "5.3.0",
				"@oxc-resolver/binding-linux-arm-gnueabihf": "5.3.0",
				"@oxc-resolver/binding-linux-arm64-gnu": "5.3.0",
				"@oxc-resolver/binding-linux-arm64-musl": "5.3.0",
				"@oxc-resolver/binding-linux-riscv64-gnu": "5.3.0",
				"@oxc-resolver/binding-linux-s390x-gnu": "5.3.0",
				"@oxc-resolver/binding-linux-x64-gnu": "5.3.0",
				"@oxc-resolver/binding-linux-x64-musl": "5.3.0",
				"@oxc-resolver/binding-wasm32-wasi": "5.3.0",
				"@oxc-resolver/binding-win32-arm64-msvc": "5.3.0",
				"@oxc-resolver/binding-win32-x64-msvc": "5.3.0"
			}
		},
		"node_modules/oxc-transform": {
			"version": "0.64.0",
			"resolved": "https://registry.npmjs.org/oxc-transform/-/oxc-transform-0.64.0.tgz",
			"integrity": "sha512-b4fN/7l+/frPZ7/Z3XYcjvgFXfctYiOKNP0cYFDUOZR4P1NbrpfYlLVAXiCAE66kLo7um1TS/JFCSl1JbUsb9g==",
			"license": "MIT",
			"engines": {
				"node": ">=14.0.0"
			},
			"funding": {
				"url": "https://github.com/sponsors/Boshen"
			},
			"optionalDependencies": {
				"@oxc-transform/binding-darwin-arm64": "0.64.0",
				"@oxc-transform/binding-darwin-x64": "0.64.0",
				"@oxc-transform/binding-linux-arm-gnueabihf": "0.64.0",
				"@oxc-transform/binding-linux-arm64-gnu": "0.64.0",
				"@oxc-transform/binding-linux-arm64-musl": "0.64.0",
				"@oxc-transform/binding-linux-x64-gnu": "0.64.0",
				"@oxc-transform/binding-linux-x64-musl": "0.64.0",
				"@oxc-transform/binding-wasm32-wasi": "0.64.0",
				"@oxc-transform/binding-win32-arm64-msvc": "0.64.0",
				"@oxc-transform/binding-win32-x64-msvc": "0.64.0"
			}
		},
		"node_modules/pathe": {
			"version": "2.0.3",
			"resolved": "https://registry.npmjs.org/pathe/-/pathe-2.0.3.tgz",
			"integrity": "sha512-WUjGcAqP1gQacoQe+OBJsFA7Ld4DyXuUIjZ5cc75cLHvJ7dtNsTugphxIADwspS+AraAUePCKrSVtPLFj/F88w==",
			"license": "MIT"
		},
		"node_modules/picomatch": {
			"version": "4.0.2",
			"resolved": "https://registry.npmjs.org/picomatch/-/picomatch-4.0.2.tgz",
			"integrity": "sha512-M7BAV6Rlcy5u+m6oPhAPFgJTzAioX/6B0DxyvDlo9l8+T3nLKbrczg2WLUyzd45L8RqfUMyGPzekbMvX2Ldkwg==",
			"license": "MIT",
			"engines": {
				"node": ">=12"
			},
			"funding": {
				"url": "https://github.com/sponsors/jonschlinkert"
			}
		},
		"node_modules/quansync": {
			"version": "0.2.10",
			"resolved": "https://registry.npmjs.org/quansync/-/quansync-0.2.10.tgz",
			"integrity": "sha512-t41VRkMYbkHyCYmOvx/6URnN80H7k4X0lLdBMGsz+maAwrJQYB1djpV6vHrQIBE0WBSGqhtEHrK9U3DWWH8v7A==",
			"funding": [
				{
					"type": "individual",
					"url": "https://github.com/sponsors/antfu"
				},
				{
					"type": "individual",
					"url": "https://github.com/sponsors/sxzz"
				}
			],
			"license": "MIT"
		},
		"node_modules/readdirp": {
			"version": "4.1.2",
			"resolved": "https://registry.npmjs.org/readdirp/-/readdirp-4.1.2.tgz",
			"integrity": "sha512-GDhwkLfywWL2s6vEjyhri+eXmfH6j1L7JE27WhqLeYzoh/A3DBaYGEj2H/HFZCn/kMfim73FXxEJTw06WtxQwg==",
			"license": "MIT",
			"engines": {
				"node": ">= 14.18.0"
			},
			"funding": {
				"type": "individual",
				"url": "https://paulmillr.com/funding/"
			}
		},
		"node_modules/resolve-pkg-maps": {
			"version": "1.0.0",
			"resolved": "https://registry.npmjs.org/resolve-pkg-maps/-/resolve-pkg-maps-1.0.0.tgz",
			"integrity": "sha512-seS2Tj26TBVOC2NIc2rOe2y2ZO7efxITtLZcGSOnHHNOQ7CkiUBfw0Iw2ck6xkIhPwLhKNLS8BO+hEpngQlqzw==",
			"license": "MIT",
			"funding": {
				"url": "https://github.com/privatenumber/resolve-pkg-maps?sponsor=1"
			}
		},
		"node_modules/rolldown": {
			"version": "1.0.0-beta.7",
			"resolved": "https://registry.npmjs.org/rolldown/-/rolldown-1.0.0-beta.7.tgz",
			"integrity": "sha512-IUa/9lZVqgFilYggiY7jxUbmvU4Q8wVvVqsru+AeMldBccBEhTYZ6/XP6cWsznb8Fv49zfYGaeEpJ5WeVdo6Mg==",
			"license": "MIT",
			"dependencies": {
				"@oxc-project/types": "0.61.2",
				"@valibot/to-json-schema": "1.0.0",
				"valibot": "1.0.0"
			},
			"bin": {
				"rolldown": "bin/cli.js"
			},
			"optionalDependencies": {
				"@rolldown/binding-darwin-arm64": "1.0.0-beta.7",
				"@rolldown/binding-darwin-x64": "1.0.0-beta.7",
				"@rolldown/binding-freebsd-x64": "1.0.0-beta.7",
				"@rolldown/binding-linux-arm-gnueabihf": "1.0.0-beta.7",
				"@rolldown/binding-linux-arm64-gnu": "1.0.0-beta.7",
				"@rolldown/binding-linux-arm64-musl": "1.0.0-beta.7",
				"@rolldown/binding-linux-x64-gnu": "1.0.0-beta.7",
				"@rolldown/binding-linux-x64-musl": "1.0.0-beta.7",
				"@rolldown/binding-wasm32-wasi": "1.0.0-beta.7",
				"@rolldown/binding-win32-arm64-msvc": "1.0.0-beta.7",
				"@rolldown/binding-win32-ia32-msvc": "1.0.0-beta.7",
				"@rolldown/binding-win32-x64-msvc": "1.0.0-beta.7"
			},
			"peerDependencies": {
				"@oxc-project/runtime": "0.61.2"
			},
			"peerDependenciesMeta": {
				"@oxc-project/runtime": {
					"optional": true
				}
			}
		},
		"node_modules/rolldown-plugin-dts": {
			"version": "0.7.11",
			"resolved": "https://registry.npmjs.org/rolldown-plugin-dts/-/rolldown-plugin-dts-0.7.11.tgz",
			"integrity": "sha512-zSE04cCZECUnNOSB3fJvjJcGR7u+o3cCUYamgaKtoXEsMfUcSpVE7Ph6ojLvN5TdnqpBc6fcqEEORvXp6e9lYg==",
			"license": "MIT",
			"dependencies": {
				"debug": "^4.4.0",
				"dts-resolver": "^1.0.0",
				"get-tsconfig": "^4.10.0",
				"magic-string-ast": "^0.9.1",
				"oxc-parser": "^0.64.0",
				"oxc-transform": "^0.64.0"
			},
			"engines": {
				"node": ">=20.18.0"
			},
			"funding": {
				"url": "https://github.com/sponsors/sxzz"
			},
			"peerDependencies": {
				"rolldown": "^1.0.0-beta.7",
				"typescript": "^5.0.0"
			},
			"peerDependenciesMeta": {
				"typescript": {
					"optional": true
				}
			}
		},
		"node_modules/tinyexec": {
			"version": "1.0.1",
			"resolved": "https://registry.npmjs.org/tinyexec/-/tinyexec-1.0.1.tgz",
			"integrity": "sha512-5uC6DDlmeqiOwCPmK9jMSdOuZTh8bU39Ys6yidB+UTt5hfZUPGAypSgFRiEp+jbi9qH40BLDvy85jIU88wKSqw==",
			"license": "MIT"
		},
		"node_modules/tinyglobby": {
			"version": "0.2.12",
			"resolved": "https://registry.npmjs.org/tinyglobby/-/tinyglobby-0.2.12.tgz",
			"integrity": "sha512-qkf4trmKSIiMTs/E63cxH+ojC2unam7rJ0WrauAzpT3ECNTxGRMlaXxVbfxMUC/w0LaYk6jQ4y/nGR9uBO3tww==",
			"license": "MIT",
			"dependencies": {
				"fdir": "^6.4.3",
				"picomatch": "^4.0.2"
			},
			"engines": {
				"node": ">=12.0.0"
			},
			"funding": {
				"url": "https://github.com/sponsors/SuperchupuDev"
			}
		},
		"node_modules/tsdown": {
			"version": "0.8.1",
			"resolved": "https://registry.npmjs.org/tsdown/-/tsdown-0.8.1.tgz",
			"integrity": "sha512-qGyXNeF9tF5hLEJ9/C5qf7kqMJpjUVekk08RgzSRVLMe3ryBLhtPDMjQPXfbVf14wnMQ+tkQZJVEJ0N69zF3AQ==",
			"license": "MIT",
			"dependencies": {
				"ansis": "^3.17.0",
				"cac": "^6.7.14",
				"chokidar": "^4.0.3",
				"consola": "^3.4.2",
				"debug": "^4.4.0",
				"diff": "^7.0.0",
				"find-up-simple": "^1.0.1",
				"rolldown": "^1.0.0-beta.7",
				"rolldown-plugin-dts": "^0.7.8",
				"tinyexec": "^1.0.1",
				"tinyglobby": "^0.2.12",
				"unconfig": "^7.3.1"
			},
			"bin": {
				"tsdown": "bin/tsdown.js"
			},
			"engines": {
				"node": ">=18.0.0"
			},
			"funding": {
				"url": "https://github.com/sponsors/sxzz"
			},
			"peerDependencies": {
				"publint": "^0.3.0",
				"unplugin-unused": "^0.4.0"
			},
			"peerDependenciesMeta": {
				"publint": {
					"optional": true
				},
				"unplugin-unused": {
					"optional": true
				}
			}
		},
		"node_modules/tslib": {
			"version": "2.8.1",
			"resolved": "https://registry.npmjs.org/tslib/-/tslib-2.8.1.tgz",
			"integrity": "sha512-oJFu94HQb+KVduSUQL7wnpmqnfmLsOA/nAh6b6EH0wCEoK0/mPeXU6c3wKDV83MkOuHPRHtSXKKU99IBazS/2w==",
			"license": "0BSD",
			"optional": true
		},
		"node_modules/unconfig": {
			"version": "7.3.1",
			"resolved": "https://registry.npmjs.org/unconfig/-/unconfig-7.3.1.tgz",
			"integrity": "sha512-LH5WL+un92tGAzWS87k7LkAfwpMdm7V0IXG2FxEjZz/QxiIW5J5LkcrKQThj0aRz6+h/lFmKI9EUXmK/T0bcrw==",
			"license": "MIT",
			"dependencies": {
				"@quansync/fs": "^0.1.1",
				"defu": "^6.1.4",
				"jiti": "^2.4.2",
				"quansync": "^0.2.8"
			},
			"funding": {
				"url": "https://github.com/sponsors/antfu"
			}
		},
		"node_modules/valibot": {
			"version": "1.0.0",
			"resolved": "https://registry.npmjs.org/valibot/-/valibot-1.0.0.tgz",
			"integrity": "sha512-1Hc0ihzWxBar6NGeZv7fPLY0QuxFMyxwYR2sF1Blu7Wq7EnremwY2W02tit2ij2VJT8HcSkHAQqmFfl77f73Yw==",
			"license": "MIT",
			"peerDependencies": {
				"typescript": ">=5"
			},
			"peerDependenciesMeta": {
				"typescript": {
					"optional": true
				}
			}
		}
	}
}
